
Microsoft Visual Studio Solution File, Format Version 12.00
# Visual Studio Version 16
VisualStudioVersion = 16.0.30011.22
MinimumVisualStudioVersion = 10.0.40219.1
Project("{FAE04EC0-301F-11D3-BF4B-00C04F79EFBC}") = "CoronavirusTracking", "CoronavirusTracking\CoronavirusTracking.csproj", "{B6F16F35-1D11-4B9F-806F-051FD550EE37}"
EndProject
Project("{FAE04EC0-301F-11D3-BF4B-00C04F79EFBC}") = "Coronavirus.Database", "Coronavirus.Database\Coronavirus.Database.csproj", "{A00059D4-F2C3-4CAF-9FC9-E6F5B12D519A}"
EndProject
Global
	GlobalSection(SolutionConfigurationPlatforms) = preSolution
		Debug|Any CPU = Debug|Any CPU
		Release|Any CPU = Release|Any CPU
	EndGlobalSection
	GlobalSection(ProjectConfigurationPlatforms) = postSolution
		{B6F16F35-1D11-4B9F-806F-051FD550EE37}.Debug|Any CPU.ActiveCfg = Debug|Any CPU
		{B6F16F35-1D11-4B9F-806F-051FD550EE37}.Debug|Any CPU.Build.0 = Debug|Any CPU
		{B6F16F35-1D11-4B9F-806F-051FD550EE37}.Release|Any CPU.ActiveCfg = Release|Any CPU
		{B6F16F35-1D11-4B9F-806F-051FD550EE37}.Release|Any CPU.Build.0 = Release|Any CPU
		{A00059D4-F2C3-4CAF-9FC9-E6F5B12D519A}.Debug|Any CPU.ActiveCfg = Debug|Any CPU
		{A00059D4-F2C3-4CAF-9FC9-E6F5B12D519A}.Debug|Any CPU.Build.0 = Debug|Any CPU
		{A00059D4-F2C3-4CAF-9FC9-E6F5B12D519A}.Release|Any CPU.ActiveCfg = Release|Any CPU
		{A00059D4-F2C3-4CAF-9FC9-E6F5B12D519A}.Release|Any CPU.Build.0 = Release|Any CPU
	EndGlobalSection
	GlobalSection(SolutionProperties) = preSolution
		HideSolutionNode = FALSE
	EndGlobalSection
	GlobalSection(ExtensibilityGlobals) = postSolution
		SolutionGuid = {3767814B-4ED7-4746-A706-C644E9BCEF50}
	EndGlobalSection
EndGlobal
